{
  "version": "5",
  "specifiers": {
    "jsr:@dprint/formatter@~0.5.1": "0.5.1",
    "jsr:@http/discovery@0.30": "0.30.0",
    "jsr:@http/discovery@0.30.0": "0.30.0",
    "jsr:@http/fs@0.30": "0.30.0",
    "jsr:@http/generate@0.30.0": "0.30.0",
    "jsr:@http/host-deno-deploy@0.30": "0.30.0",
    "jsr:@http/host-deno-local@0.30": "0.30.0",
    "jsr:@http/html-stream@0.11": "0.11.0",
    "jsr:@http/interceptor@0.30": "0.30.0",
    "jsr:@http/jsx-stream@0.11": "0.11.0",
    "jsr:@http/request@0.30": "0.30.0",
    "jsr:@http/response@0.30": "0.30.0",
    "jsr:@http/route@0.30": "0.30.0",
    "jsr:@http/token-stream@0.11": "0.11.0",
    "jsr:@std/cli@^1.0.32": "1.0.32",
    "jsr:@std/collections@^1.3.0": "1.3.0",
    "jsr:@std/encoding@^1.0.11": "1.0.11",
    "jsr:@std/fmt@^1.0.10": "1.0.10",
    "jsr:@std/fs@^1.0.24": "1.0.24",
    "jsr:@std/html@^1.0.3": "1.0.7",
    "jsr:@std/html@^1.0.7": "1.0.7",
    "jsr:@std/http@^1.1.3": "1.1.3",
    "jsr:@std/internal@^1.0.14": "1.0.14",
    "jsr:@std/media-types@^1.1.0": "1.1.0",
    "jsr:@std/net@^1.0.6": "1.0.6",
    "jsr:@std/path@^1.1.6": "1.1.6",
    "jsr:@std/streams@^1.1.2": "1.1.2",
    "jsr:@zod/zod@4.6.5": "4.6.5",
    "npm:@playwright/test@*": "1.63.0",
    "npm:@playwright/test@^1.63.0": "1.63.0",
    "npm:playwright-bdd@*": "9.2.1_@playwright+test@1.63.0",
    "npm:playwright-bdd@^9.2.1": "9.2.1_@playwright+test@1.63.0",
    "npm:playwright@*": "1.63.0",
    "npm:playwright@^1.63.0": "1.63.0",
    "npm:skills@*": "1.7.1"
  },
  "jsr": {
    "@dprint/formatter@0.5.1": {
      "integrity": "082007b652f6d6b9046b87b9ff643380d82ebb4deb4844b0b3486b5e2db2ce80"
    },
    "@http/discovery@0.30.0": {
      "integrity": "8a8381fd7e3bdda552c8e705563aed03836abf7698837f668760edb6be6d8952",
      "dependencies": [
        "jsr:@http/route",
        "jsr:@std/path"
      ]
    },
    "@http/fs@0.30.0": {
      "integrity": "09c6c4fdef45c00adeb3b22baf94bdf53eb461ea7e8b2770c3fa4c8098f6612c",
      "dependencies": [
        "jsr:@http/response",
        "jsr:@std/http",
        "jsr:@std/media-types",
        "jsr:@std/path",
        "jsr:@std/streams"
      ]
    },
    "@http/generate@0.30.0": {
      "integrity": "4112c569455757cdb0d335d45ee710942a722affee9d9cda8573e9b0ef2b64bb",
      "dependencies": [
        "jsr:@dprint/formatter",
        "jsr:@http/discovery@0.30",
        "jsr:@http/route",
        "jsr:@std/path"
      ]
    },
    "@http/host-deno-deploy@0.30.0": {
      "integrity": "021d1492133bdc7b34e40a7714787760f8a1270e4201effe7865464c80ba8680",
      "dependencies": [
        "jsr:@http/interceptor",
        "jsr:@http/route",
        "jsr:@std/http"
      ]
    },
    "@http/host-deno-local@0.30.0": {
      "integrity": "6f51c533c1de30a8ad34c35dd8269f9bc5474022406a4576287e5930de2f3284",
      "dependencies": [
        "jsr:@http/interceptor",
        "jsr:@http/route",
        "jsr:@std/net"
      ]
    },
    "@http/html-stream@0.11.0": {
      "integrity": "a133bb62bb6e79e2cef48dff723ec65031ce1eda8c04a5e92a980eb1d04caa9b",
      "dependencies": [
        "jsr:@http/token-stream",
        "jsr:@std/html@^1.0.3"
      ]
    },
    "@http/interceptor@0.30.0": {
      "integrity": "abe1a4544340b76109a317e20f450625ef1ec0e094dd6b9c560628071f4ea302",
      "dependencies": [
        "jsr:@http/response",
        "jsr:@http/route"
      ]
    },
    "@http/jsx-stream@0.11.0": {
      "integrity": "f8de93292daf843c01009ad18610a7740cfb31c6d2e10f22dad98c3c1531bdcc",
      "dependencies": [
        "jsr:@http/html-stream",
        "jsr:@http/token-stream"
      ]
    },
    "@http/request@0.30.0": {
      "integrity": "930464c89be836615ef8b9588b21c47ba8ad1094fb39c44044b1b9dad2b086f7",
      "dependencies": [
        "jsr:@http/response",
        "jsr:@std/media-types"
      ]
    },
    "@http/response@0.30.0": {
      "integrity": "e317a438fcb39a5ba074ea32cd1f04b3f47a2cd15bc58aa2af1f34089f7c82fb",
      "dependencies": [
        "jsr:@std/http"
      ]
    },
    "@http/route@0.30.0": {
      "integrity": "c7473501a11d1c42a12a5cca870a985f1a1e5dd63e0c77383b392e7d74e4d129",
      "dependencies": [
        "jsr:@http/fs",
        "jsr:@http/response",
        "jsr:@std/collections",
        "jsr:@std/http",
        "jsr:@std/media-types",
        "jsr:@std/path"
      ]
    },
    "@http/token-stream@0.11.0": {
      "integrity": "b9a432c2c95be74b9d8316ad8b1c7b9b15a7361fe7aa2ba6371843045486c969"
    },
    "@std/cli@1.0.32": {
      "integrity": "188b3a100d6202d64e3f5bd3d799c7fa4f6d77f92cc65eb7f641c1fa0aa92a66"
    },
    "@std/collections@1.3.0": {
      "integrity": "eb36b43d784477ea0b476483ac034a14bdd182aff921c812ecf662a1fcef9498"
    },
    "@std/encoding@1.0.11": {
      "integrity": "e7cef2f0b3153bccc17431e7c864a1de03a4b6d9647389c43e08aaa775d37385"
    },
    "@std/fmt@1.0.10": {
      "integrity": "90dfba288802ac6de82fb31d0917eb9e4450b9925b954d5e51fc29ac07419db5"
    },
    "@std/fs@1.0.24": {
      "integrity": "f3061b45b81673a2bece689da041df32d174be064c89eb6397fb5718d3fb7877"
    },
    "@std/html@1.0.7": {
      "integrity": "175c818905a6e75743c69c251395e273d82698e58cfe7dd76268d70e28b8d8fe"
    },
    "@std/http@1.1.3": {
      "integrity": "73a98e05ff58aa18bea562d286172e6c815b1eddd4fcab194beda19e3683b88c",
      "dependencies": [
        "jsr:@std/cli",
        "jsr:@std/encoding",
        "jsr:@std/fmt",
        "jsr:@std/fs",
        "jsr:@std/html@^1.0.7",
        "jsr:@std/media-types",
        "jsr:@std/net",
        "jsr:@std/path",
        "jsr:@std/streams"
      ]
    },
    "@std/internal@1.0.14": {
      "integrity": "291516b3d4c35024d6ffbc0a9df5bf4c64116e05b50012cf846710152d2ffdf7"
    },
    "@std/media-types@1.1.0": {
      "integrity": "c9d093f0c05c3512932b330e3cc1fe1d627b301db33a4c2c2185c02471d6eaa4"
    },
    "@std/net@1.0.6": {
      "integrity": "110735f93e95bb9feb95790a8b1d1bf69ec0dc74f3f97a00a76ea5efea25500c"
    },
    "@std/path@1.1.6": {
      "integrity": "c68485c2a4dfbb5ae3cc74fae4e8c4e5d874cf8a8ed12927917235c758b46cbe",
      "dependencies": [
        "jsr:@std/internal"
      ]
    },
    "@std/streams@1.1.2": {
      "integrity": "0249bf9b78a999f57032ca4d8e7ccaa57579090242640b35ddc948fbb745d3af"
    },
    "@zod/zod@4.6.5": {
      "integrity": "de9ee54513b84efecbdf2988f5a01eca0e2883be4b5625cf320bc0d6dbbade3e"
    }
  },
  "npm": {
    "@colors/colors@1.5.0": {
      "integrity": "sha512-ooWCrlZP11i8GImSjTHYHLkvFDP48nS4+204nGb1RiX/WXYHmJA2III9/e2DWVabCESdW7hBAEzHRqUn9OUVvQ=="
    },
    "@cucumber/ci-environment@13.0.0": {
      "integrity": "sha512-cs+3NzfNkGbcmHPddjEv4TKFiBpZRQ6WJEEufB9mw+ExS22V/4R/zpDSEG+fsJ/iSNCd6A2sATdY8PFOyY3YnA=="
    },
    "@cucumber/cucumber-expressions@19.0.0": {
      "integrity": "sha512-4FKoOQh2Uf6F6/Ln+1OxuK8LkTg6PyAqekhf2Ix8zqV2M54sH+m7XNJNLhOFOAW/t9nxzRbw2CcvXbCLjcvHZg==",
      "dependencies": [
        "regexp-match-indices"
      ]
    },
    "@cucumber/gherkin-utils@11.0.0": {
      "integrity": "sha512-LJ+s4+TepHTgdKWDR4zbPyT7rQjmYIcukTwNbwNwgqr6i8Gjcmzf6NmtbYDA19m1ZFg6kWbFsmHnj37ZuX+kZA==",
      "dependencies": [
        "@cucumber/gherkin@38.0.0",
        "@cucumber/messages",
        "@teppeis/multimaps",
        "commander@14.0.2",
        "source-map-support"
      ],
      "bin": true
    },
    "@cucumber/gherkin@38.0.0": {
      "integrity": "sha512-duEXK+KDfQUzu3vsSzXjkxQ2tirF5PRsc1Xrts6THKHJO6mjw4RjM8RV+vliuDasmhhrmdLcOcM7d9nurNTJKw==",
      "dependencies": [
        "@cucumber/messages"
      ]
    },
    "@cucumber/gherkin@39.1.0": {
      "integrity": "sha512-pqmSO2bUWxJm3TbNrKXlDaHjL6c77+ez9kWmfCd9oRPeTRPEVH3spZvpAqdXYWOZYSNYwWFCAAeZ4RGpkauNoQ==",
      "dependencies": [
        "@cucumber/messages"
      ]
    },
    "@cucumber/html-formatter@23.1.0_@cucumber+messages@32.3.1": {
      "integrity": "sha512-DcCSFoGs6jbwzXPgX1CwgJKEE+ZMcIEzq/0Memg0o24maNn9NJizBFHmoFWG4iv/OxHza+mvc+56cTHetfHndw==",
      "dependencies": [
        "@cucumber/messages"
      ]
    },
    "@cucumber/junit-xml-formatter@0.13.3_@cucumber+messages@32.3.1": {
      "integrity": "sha512-w9ujOxiuKDtU6fLzJz+wp4Sgp5Xu6ba7ls00LHJccVmQU0Ba7zs+AHnv3iIgPjKZAQe1w8x93dr8Gaubh7Vqkg==",
      "dependencies": [
        "@cucumber/messages",
        "@cucumber/query",
        "@teppeis/multimaps",
        "luxon",
        "xmlbuilder"
      ]
    },
    "@cucumber/messages@32.3.1": {
      "integrity": "sha512-yNQq1KoXRYaEKrWMFmpUQX7TdeQuU9jeGgJAZ3dArTsC/T4NpJ6DnqaJIIgwPnz/wtQIQTNX7/h0rOuF5xY4qQ==",
      "dependencies": [
        "class-transformer",
        "reflect-metadata"
      ]
    },
    "@cucumber/query@15.0.1_@cucumber+messages@32.3.1": {
      "integrity": "sha512-FMfT3orJblRsOxvU2doECBvQmauizYlj+5JsM8atAKKPbnQTj7v2/OrnuykvQpfZNBf19DYbRq1e832vllRP/g==",
      "dependencies": [
        "@cucumber/messages",
        "@teppeis/multimaps",
        "lodash.sortby"
      ]
    },
    "@cucumber/tag-expressions@9.1.0": {
      "integrity": "sha512-bvHjcRFZ+J1TqIa9eFNO1wGHqwx4V9ZKV3hYgkuK/VahHx73uiP4rKV3JVrvWSMrwrFvJG6C8aEwnCWSvbyFdQ=="
    },
    "@isaacs/fs-minipass@4.0.1": {
      "integrity": "sha512-wgm9Ehl2jpeqP3zw/7mo3kRHFp5MEDhqAdwy1fTGkHAwnkGOVsgpvQhL8B5n1qlb01jV3n/bI0ZfZp5lWA1k4w==",
      "dependencies": [
        "minipass"
      ]
    },
    "@playwright/test@1.63.0": {
      "integrity": "sha512-oxMK4vllB9RK5NQ2l1pq1IfOf2AvnEuj/vYGDj0H2nMtmtZpKtCwt/l00GEO6xjGfpBNAvjovvYdCm50dRQkpQ==",
      "dependencies": [
        "playwright"
      ],
      "bin": true
    },
    "@teppeis/multimaps@3.0.0": {
      "integrity": "sha512-ID7fosbc50TbT0MK0EG12O+gAP3W3Aa/Pz4DaTtQtEvlc9Odaqi0de+xuZ7Li2GtK4HzEX7IuRWS/JmZLksR3Q=="
    },
    "ansi-regex@5.0.1": {
      "integrity": "sha512-quJQXlTSUGL2LH9SUXo8VwsY4soanhgo6LNSm84E1LBcE8s3O0wpdiRzyR9z/ZZJMlMWv37qOOb9pdJlMUEKFQ=="
    },
    "buffer-from@1.1.2": {
      "integrity": "sha512-E+XQCRwSbaaiChtv6k6Dwgc+bx+Bs6vuKJHHl5kox/BaKbhiXzqQOwK4cO22yElGp2OCmjwVhT3HmxgyPGnJfQ=="
    },
    "chownr@3.0.0": {
      "integrity": "sha512-+IxzY9BZOQd/XuYPRmrvEVjF/nqj5kgT4kEq7VofrDoM1MxoRjEWkrCC3EtLi59TVawxTAn+orJwFQcrqEN1+g=="
    },
    "class-transformer@0.5.1": {
      "integrity": "sha512-SQa1Ws6hUbfC98vKGxZH3KFY0Y1lm5Zm0SY8XX9zbK7FJCyVEac3ATW0RIpwzW+oOfmHE5PMPufDG9hCfoEOMw=="
    },
    "cli-table3@0.6.5": {
      "integrity": "sha512-+W/5efTR7y5HRD7gACw9yQjqMVvEMLBHmboM/kPWam+H+Hmyrgjh6YncVKK122YZkXrLudzTuAukUw9FnMf7IQ==",
      "dependencies": [
        "string-width"
      ],
      "optionalDependencies": [
        "@colors/colors"
      ]
    },
    "commander@13.1.0": {
      "integrity": "sha512-/rFeCpNJQbhSZjGVwO9RFV3xPqbnERS8MmIQzCtD/zl6gpJuV/bMLuN92oG3F7d8oDEHHRrujSXNUr8fpjntKw=="
    },
    "commander@14.0.2": {
      "integrity": "sha512-TywoWNNRbhoD0BXs1P3ZEScW8W5iKrnbithIl0YH+uCmBd0QpPOA8yc82DS3BIE5Ma6FnBVUsJ7wVUDz4dvOWQ=="
    },
    "emoji-regex@8.0.0": {
      "integrity": "sha512-MSjYzcWNOA0ewAHpz0MxpYFvwg6yjy1NG3xteoqz644VCo/RPgnr1/GGt+ic3iJTzQ8Eu3TdM14SawnVUmGE6A=="
    },
    "fdir@6.5.0_picomatch@4.0.7": {
      "integrity": "sha512-tIbYtZbucOs0BRGqPJkshJUYdL+SDH7dVM8gjy+ERp3WAUjLEFJE+02kanyHtwjWOnwrKYBiwAmM0p4kLJAnXg==",
      "dependencies": [
        "picomatch"
      ],
      "optionalPeers": [
        "picomatch"
      ]
    },
    "is-fullwidth-code-point@3.0.0": {
      "integrity": "sha512-zymm5+u+sCsSWyD9qNaejV3DFvhCKclKdizYaJUuHA83RLjb7nSuGnddCHGv0hk+KY7BMAlsWeK4Ueg6EV6XQg=="
    },
    "lodash.sortby@4.7.0": {
      "integrity": "sha512-HDWXG8isMntAyRF5vZ7xKuEvOhT4AhlRt/3czTSjvGUxjYCBVRQY48ViDHyfYz9VIoBkW4TMGQNapx+l3RUwdA=="
    },
    "luxon@3.7.2": {
      "integrity": "sha512-vtEhXh/gNjI9Yg1u4jX/0YVPMvxzHuGgCm6tC5kZyb08yjGWGnqAjGJvcXbqQR2P3MyMEFnRbpcdFS6PBcLqew=="
    },
    "mime-db@1.54.0": {
      "integrity": "sha512-aU5EJuIN2WDemCcAp2vFBfp/m4EAhWJnUNSSw0ixs7/kXbd6Pg64EmwJkNdFhB8aWt1sH2CTXrLxo/iAGV3oPQ=="
    },
    "mime-types@3.0.2": {
      "integrity": "sha512-Lbgzdk0h4juoQ9fCKXW4by0UJqj+nOOrI9MJ1sSj4nI8aI2eo1qmvQEie4VD1glsS250n15LsWsYtCugiStS5A==",
      "dependencies": [
        "mime-db"
      ]
    },
    "minipass@7.1.3": {
      "integrity": "sha512-tEBHqDnIoM/1rXME1zgka9g6Q2lcoCkxHLuc7ODJ5BxbP5d4c2Z5cGgtXAku59200Cx7diuHTOYfSBD8n6mm8A=="
    },
    "minizlib@3.1.0": {
      "integrity": "sha512-KZxYo1BUkWD2TVFLr0MQoM8vUUigWD3LlD83a/75BqC+4qE0Hb1Vo5v1FgcfaNXvfXzr+5EhQ6ing/CaBijTlw==",
      "dependencies": [
        "minipass"
      ]
    },
    "picomatch@4.0.7": {
      "integrity": "sha512-qcJu88Q2IWqJsDD529JKMdwGm/dvInW4HvQnRwiH9JtihJvzGOscDtHE3x1pBKeUOTysQ8kVmLnJ2kJu7yhcGA=="
    },
    "playwright-bdd@9.2.1_@playwright+test@1.63.0": {
      "integrity": "sha512-gi7LTeat3ar1mPO53UBqQIv0HYHaw+GXq7P3stxGLPVlRpbW1ZmWre/yQBV/mtInJgEmKwBrJ/V1zT8NmJOuzg==",
      "dependencies": [
        "@cucumber/ci-environment",
        "@cucumber/cucumber-expressions",
        "@cucumber/gherkin@39.1.0",
        "@cucumber/gherkin-utils",
        "@cucumber/html-formatter",
        "@cucumber/junit-xml-formatter",
        "@cucumber/messages",
        "@cucumber/query",
        "@cucumber/tag-expressions",
        "@playwright/test",
        "cli-table3",
        "commander@13.1.0",
        "mime-types",
        "tinyglobby"
      ],
      "bin": true
    },
    "playwright-core@1.63.0": {
      "integrity": "sha512-rYCsBF/M5HjUch52bbtVONEFjv6Xu8sm8h72dNlR5bzIE1fvC/bxgspzkjSfU+MweEMmPM8KJebG6nnyxo5mCg==",
      "bin": true
    },
    "playwright@1.63.0": {
      "integrity": "sha512-+7ziBLidS4NaNCdt57SUDT+wYmmd5fmiQejUic/kb+YsYSCPyOOE9sebzMjNmQrsnNpDJqd4WHvV/8lfKfUDUg==",
      "dependencies": [
        "playwright-core"
      ],
      "bin": true
    },
    "reflect-metadata@0.2.2": {
      "integrity": "sha512-urBwgfrvVP/eAyXx4hluJivBKzuEbSQs9rKWCrCkbSxNv8mxPcUZKeuoF3Uy4mJl3Lwprp6yy5/39VWigZ4K6Q=="
    },
    "regexp-match-indices@1.0.2": {
      "integrity": "sha512-DwZuAkt8NF5mKwGGER1EGh2PRqyvhRhhLviH+R8y8dIuaQROlUfXjt4s9ZTXstIsSkptf06BSvwcEmmfheJJWQ==",
      "dependencies": [
        "regexp-tree"
      ]
    },
    "regexp-tree@0.1.27": {
      "integrity": "sha512-iETxpjK6YoRWJG5o6hXLwvjYAoW+FEZn9os0PD/b6AP6xQwsa/Y7lCVgIixBbUPMfhu+i2LtdeAqVTgGlQarfA==",
      "bin": true
    },
    "skills@1.7.1": {
      "integrity": "sha512-LUHR/+3D3evhwejiMfBStH7ndqJkV9UlwkjH1LpQ8j1g1cJO1yrXs+R+xS0AuV6E7iX0uZt44xEMAPZC+o40nA==",
      "dependencies": [
        "tar",
        "yaml"
      ],
      "bin": true
    },
    "source-map-support@0.5.21": {
      "integrity": "sha512-uBHU3L3czsIyYXKX88fdrGovxdSCoTGDRZ6SYXtSRxLZUzHg5P/66Ht6uoUlHu9EZod+inXhKo3qQgwXUT/y1w==",
      "dependencies": [
        "buffer-from",
        "source-map"
      ]
    },
    "source-map@0.6.1": {
      "integrity": "sha512-UjgapumWlbMhkBgzT7Ykc5YXUT46F0iKu8SGXq0bcwP5dz/h0Plj6enJqjz1Zbq2l5WaqYnrVbwWOWMyF3F47g=="
    },
    "string-width@4.2.3": {
      "integrity": "sha512-wKyQRQpjJ0sIp62ErSZdGsjMJWsap5oRNihHhu6G7JVO/9jIB6UyevL+tXuOqrng8j/cxKTWyWUwvSTriiZz/g==",
      "dependencies": [
        "emoji-regex",
        "is-fullwidth-code-point",
        "strip-ansi"
      ]
    },
    "strip-ansi@6.0.1": {
      "integrity": "sha512-Y38VPSHcqkFrCpFnQ9vuSXmquuv5oXOKpGeT6aGrr3o3Gc9AlVa6JBfUSOCnbxGGZF+/0ooI7KrPuUSztUdU5A==",
      "dependencies": [
        "ansi-regex"
      ]
    },
    "tar@7.5.22": {
      "integrity": "sha512-MFO/QzvtAOmJbkhOaCTvbGcFN9L9b+JunIsDwaKljSOdcLMea3NJ1k9Usz/rjdfSXTq4dfzfeS7W4p4YOAAHeA==",
      "dependencies": [
        "@isaacs/fs-minipass",
        "chownr",
        "minipass",
        "minizlib",
        "yallist"
      ]
    },
    "tinyglobby@0.2.17": {
      "integrity": "sha512-wXR/dYpcqKmfWpEdZjiKJOwCNFndD0DMnrW/cYjVGttEkBfVgcLFHoNrlj47mjOVic9yyNu65alsgF4NQyTa2g==",
      "dependencies": [
        "fdir",
        "picomatch"
      ]
    },
    "xmlbuilder@15.1.1": {
      "integrity": "sha512-yMqGBqtXyeN1e3TGYvgNgDVZ3j84W4cwkOXQswghol6APgZWaff9lnbvN7MHYJOiXsvGPXtjTYJEiC9J2wv9Eg=="
    },
    "yallist@5.0.0": {
      "integrity": "sha512-YgvUTfwqyc7UXVMrB+SImsVYSmTS8X/tSrtdNZMImM+n7+QTriRXyXim0mBrTXNeqzVF0KWGgHPeiyViFFrNDw=="
    },
    "yaml@2.9.1": {
      "integrity": "sha512-3NxN8+78OdzbT7C/WjGsyfPAtJaN3FNDsWxv7Y7mcDsT/oOmgW8BpyQQFFBnvZE3j9Y2Sdz1ULFLezL7Eb2yFw==",
      "bin": true
    }
  },
  "workspace": {
    "dependencies": [
      "jsr:@http/discovery@0.30.0",
      "jsr:@http/fs@0.30",
      "jsr:@http/generate@0.30.0",
      "jsr:@http/host-deno-deploy@0.30",
      "jsr:@http/host-deno-local@0.30",
      "jsr:@http/html-stream@0.11",
      "jsr:@http/interceptor@0.30",
      "jsr:@http/jsx-stream@0.11",
      "jsr:@http/request@0.30",
      "jsr:@http/response@0.30",
      "jsr:@http/route@0.30",
      "jsr:@http/token-stream@0.11",
      "jsr:@std/http@^1.1.3",
      "jsr:@std/media-types@^1.1.0",
      "jsr:@zod/zod@4.6.5",
      "npm:@playwright/test@^1.63.0",
      "npm:playwright-bdd@^9.2.1",
      "npm:playwright@^1.63.0"
    ]
  }
}
