{
  "version": "5",
  "specifiers": {
    "jsr:@zod/zod@4.5.4": "4.5.4",
    "npm:@opentelemetry/api@*": "1.9.1",
    "npm:@opentelemetry/api@^1.9.1": "1.9.1"
  },
  "jsr": {
    "@zod/zod@4.5.4": {
      "integrity": "bf0da80e42232d5f9f485d37b5c980e0d88f07fe04b9b1f2bd9012c008404df4"
    }
  },
  "npm": {
    "@opentelemetry/api@1.9.1": {
      "integrity": "sha512-gLyJlPHPZYdAk1JENA9LeHejZe1Ti77/pTeFm/nMXmQH/HFZlcS/O2XJB+L8fkbrNSqhdtlvjBVjxwUYanNH5Q=="
    }
  },
  "workspace": {
    "dependencies": [
      "jsr:@zod/zod@4.5.4",
      "npm:@opentelemetry/api@^1.9.1"
    ]
  }
}
